
Microsoft Visual Studio Solution File, Format Version 12.00
# Visual Studio 15
VisualStudioVersion = 15.0.26124.0
MinimumVisualStudioVersion = 15.0.26124.0
Project("{2150E333-8FDC-42A3-9474-1A3956D46DE8}") = "src", "src", "{8B5081DF-A569-42A4-B3A0-2B98599DD75D}"
EndProject
Project("{FAE04EC0-301F-11D3-BF4B-00C04F79EFBC}") = "Pacco.Services.Availability.Api", "src\Pacco.Services.Availability.Api\Pacco.Services.Availability.Api.csproj", "{72D1E9E7-EC65-4BF4-947B-3AA8D4FE6FE6}"
EndProject
Project("{FAE04EC0-301F-11D3-BF4B-00C04F79EFBC}") = "Pacco.Services.Availability.Application", "src\Pacco.Services.Availability.Application\Pacco.Services.Availability.Application.csproj", "{C95EE24B-858F-487A-A64C-159F1EDCF17E}"
EndProject
Project("{FAE04EC0-301F-11D3-BF4B-00C04F79EFBC}") = "Pacco.Services.Availability.Core", "src\Pacco.Services.Availability.Core\Pacco.Services.Availability.Core.csproj", "{CC67BA99-EB25-45FE-9923-856BD1CA10DF}"
EndProject
Project("{FAE04EC0-301F-11D3-BF4B-00C04F79EFBC}") = "Pacco.Services.Availability.Infrastructure", "src\Pacco.Services.Availability.Infrastructure\Pacco.Services.Availability.Infrastructure.csproj", "{B0EF4613-E36F-43BD-902A-16A9C061803A}"
EndProject
Project("{2150E333-8FDC-42A3-9474-1A3956D46DE8}") = "tests", "tests", "{FE9D0417-519F-42CA-A553-3907C74D92AB}"
EndProject
Project("{FAE04EC0-301F-11D3-BF4B-00C04F79EFBC}") = "Pacco.Services.Availability.Tests.EndToEnd", "tests\Pacco.Services.Availability.Tests.EndToEnd\Pacco.Services.Availability.Tests.EndToEnd.csproj", "{B42ACEE0-3C95-4832-91B3-3026A877171D}"
EndProject
Project("{FAE04EC0-301F-11D3-BF4B-00C04F79EFBC}") = "Pacco.Services.Availability.Tests.Integration", "tests\Pacco.Services.Availability.Tests.Integration\Pacco.Services.Availability.Tests.Integration.csproj", "{A0B58CAB-DFF7-4D05-949A-33895EE2D09F}"
EndProject
Project("{FAE04EC0-301F-11D3-BF4B-00C04F79EFBC}") = "Pacco.Services.Availability.Tests.Performance", "tests\Pacco.Services.Availability.Tests.Performance\Pacco.Services.Availability.Tests.Performance.csproj", "{9E3D8356-199F-42A4-90C2-FBE94C26C5F3}"
EndProject
Project("{FAE04EC0-301F-11D3-BF4B-00C04F79EFBC}") = "Pacco.Services.Availability.Tests.Unit", "tests\Pacco.Services.Availability.Tests.Unit\Pacco.Services.Availability.Tests.Unit.csproj", "{2DDFFF6F-06AB-494F-A19B-305A5950CE59}"
EndProject
Project("{FAE04EC0-301F-11D3-BF4B-00C04F79EFBC}") = "Pacco.Services.Availability.Tests.Shared", "tests\Pacco.Services.Availability.Tests.Shared\Pacco.Services.Availability.Tests.Shared.csproj", "{CB2D2CC4-33A7-4E2B-A418-9A5E733790B4}"
EndProject
Global
	GlobalSection(SolutionConfigurationPlatforms) = preSolution
		Debug|Any CPU = Debug|Any CPU
		Debug|x64 = Debug|x64
		Debug|x86 = Debug|x86
		Release|Any CPU = Release|Any CPU
		Release|x64 = Release|x64
		Release|x86 = Release|x86
	EndGlobalSection
	GlobalSection(SolutionProperties) = preSolution
		HideSolutionNode = FALSE
	EndGlobalSection
	GlobalSection(ProjectConfigurationPlatforms) = postSolution
		{72D1E9E7-EC65-4BF4-947B-3AA8D4FE6FE6}.Debug|Any CPU.ActiveCfg = Debug|Any CPU
		{72D1E9E7-EC65-4BF4-947B-3AA8D4FE6FE6}.Debug|Any CPU.Build.0 = Debug|Any CPU
		{72D1E9E7-EC65-4BF4-947B-3AA8D4FE6FE6}.Debug|x64.ActiveCfg = Debug|Any CPU
		{72D1E9E7-EC65-4BF4-947B-3AA8D4FE6FE6}.Debug|x64.Build.0 = Debug|Any CPU
		{72D1E9E7-EC65-4BF4-947B-3AA8D4FE6FE6}.Debug|x86.ActiveCfg = Debug|Any CPU
		{72D1E9E7-EC65-4BF4-947B-3AA8D4FE6FE6}.Debug|x86.Build.0 = Debug|Any CPU
		{72D1E9E7-EC65-4BF4-947B-3AA8D4FE6FE6}.Release|Any CPU.ActiveCfg = Release|Any CPU
		{72D1E9E7-EC65-4BF4-947B-3AA8D4FE6FE6}.Release|Any CPU.Build.0 = Release|Any CPU
		{72D1E9E7-EC65-4BF4-947B-3AA8D4FE6FE6}.Release|x64.ActiveCfg = Release|Any CPU
		{72D1E9E7-EC65-4BF4-947B-3AA8D4FE6FE6}.Release|x64.Build.0 = Release|Any CPU
		{72D1E9E7-EC65-4BF4-947B-3AA8D4FE6FE6}.Release|x86.ActiveCfg = Release|Any CPU
		{72D1E9E7-EC65-4BF4-947B-3AA8D4FE6FE6}.Release|x86.Build.0 = Release|Any CPU
		{C95EE24B-858F-487A-A64C-159F1EDCF17E}.Debug|Any CPU.ActiveCfg = Debug|Any CPU
		{C95EE24B-858F-487A-A64C-159F1EDCF17E}.Debug|Any CPU.Build.0 = Debug|Any CPU
		{C95EE24B-858F-487A-A64C-159F1EDCF17E}.Debug|x64.ActiveCfg = Debug|Any CPU
		{C95EE24B-858F-487A-A64C-159F1EDCF17E}.Debug|x64.Build.0 = Debug|Any CPU
		{C95EE24B-858F-487A-A64C-159F1EDCF17E}.Debug|x86.ActiveCfg = Debug|Any CPU
		{C95EE24B-858F-487A-A64C-159F1EDCF17E}.Debug|x86.Build.0 = Debug|Any CPU
		{C95EE24B-858F-487A-A64C-159F1EDCF17E}.Release|Any CPU.ActiveCfg = Release|Any CPU
		{C95EE24B-858F-487A-A64C-159F1EDCF17E}.Release|Any CPU.Build.0 = Release|Any CPU
		{C95EE24B-858F-487A-A64C-159F1EDCF17E}.Release|x64.ActiveCfg = Release|Any CPU
		{C95EE24B-858F-487A-A64C-159F1EDCF17E}.Release|x64.Build.0 = Release|Any CPU
		{C95EE24B-858F-487A-A64C-159F1EDCF17E}.Release|x86.ActiveCfg = Release|Any CPU
		{C95EE24B-858F-487A-A64C-159F1EDCF17E}.Release|x86.Build.0 = Release|Any CPU
		{CC67BA99-EB25-45FE-9923-856BD1CA10DF}.Debug|Any CPU.ActiveCfg = Debug|Any CPU
		{CC67BA99-EB25-45FE-9923-856BD1CA10DF}.Debug|Any CPU.Build.0 = Debug|Any CPU
		{CC67BA99-EB25-45FE-9923-856BD1CA10DF}.Debug|x64.ActiveCfg = Debug|Any CPU
		{CC67BA99-EB25-45FE-9923-856BD1CA10DF}.Debug|x64.Build.0 = Debug|Any CPU
		{CC67BA99-EB25-45FE-9923-856BD1CA10DF}.Debug|x86.ActiveCfg = Debug|Any CPU
		{CC67BA99-EB25-45FE-9923-856BD1CA10DF}.Debug|x86.Build.0 = Debug|Any CPU
		{CC67BA99-EB25-45FE-9923-856BD1CA10DF}.Release|Any CPU.ActiveCfg = Release|Any CPU
		{CC67BA99-EB25-45FE-9923-856BD1CA10DF}.Release|Any CPU.Build.0 = Release|Any CPU
		{CC67BA99-EB25-45FE-9923-856BD1CA10DF}.Release|x64.ActiveCfg = Release|Any CPU
		{CC67BA99-EB25-45FE-9923-856BD1CA10DF}.Release|x64.Build.0 = Release|Any CPU
		{CC67BA99-EB25-45FE-9923-856BD1CA10DF}.Release|x86.ActiveCfg = Release|Any CPU
		{CC67BA99-EB25-45FE-9923-856BD1CA10DF}.Release|x86.Build.0 = Release|Any CPU
		{B0EF4613-E36F-43BD-902A-16A9C061803A}.Debug|Any CPU.ActiveCfg = Debug|Any CPU
		{B0EF4613-E36F-43BD-902A-16A9C061803A}.Debug|Any CPU.Build.0 = Debug|Any CPU
		{B0EF4613-E36F-43BD-902A-16A9C061803A}.Debug|x64.ActiveCfg = Debug|Any CPU
		{B0EF4613-E36F-43BD-902A-16A9C061803A}.Debug|x64.Build.0 = Debug|Any CPU
		{B0EF4613-E36F-43BD-902A-16A9C061803A}.Debug|x86.ActiveCfg = Debug|Any CPU
		{B0EF4613-E36F-43BD-902A-16A9C061803A}.Debug|x86.Build.0 = Debug|Any CPU
		{B0EF4613-E36F-43BD-902A-16A9C061803A}.Release|Any CPU.ActiveCfg = Release|Any CPU
		{B0EF4613-E36F-43BD-902A-16A9C061803A}.Release|Any CPU.Build.0 = Release|Any CPU
		{B0EF4613-E36F-43BD-902A-16A9C061803A}.Release|x64.ActiveCfg = Release|Any CPU
		{B0EF4613-E36F-43BD-902A-16A9C061803A}.Release|x64.Build.0 = Release|Any CPU
		{B0EF4613-E36F-43BD-902A-16A9C061803A}.Release|x86.ActiveCfg = Release|Any CPU
		{B0EF4613-E36F-43BD-902A-16A9C061803A}.Release|x86.Build.0 = Release|Any CPU
		{B42ACEE0-3C95-4832-91B3-3026A877171D}.Debug|Any CPU.ActiveCfg = Debug|Any CPU
		{B42ACEE0-3C95-4832-91B3-3026A877171D}.Debug|Any CPU.Build.0 = Debug|Any CPU
		{B42ACEE0-3C95-4832-91B3-3026A877171D}.Debug|x64.ActiveCfg = Debug|Any CPU
		{B42ACEE0-3C95-4832-91B3-3026A877171D}.Debug|x64.Build.0 = Debug|Any CPU
		{B42ACEE0-3C95-4832-91B3-3026A877171D}.Debug|x86.ActiveCfg = Debug|Any CPU
		{B42ACEE0-3C95-4832-91B3-3026A877171D}.Debug|x86.Build.0 = Debug|Any CPU
		{B42ACEE0-3C95-4832-91B3-3026A877171D}.Release|Any CPU.ActiveCfg = Release|Any CPU
		{B42ACEE0-3C95-4832-91B3-3026A877171D}.Release|Any CPU.Build.0 = Release|Any CPU
		{B42ACEE0-3C95-4832-91B3-3026A877171D}.Release|x64.ActiveCfg = Release|Any CPU
		{B42ACEE0-3C95-4832-91B3-3026A877171D}.Release|x64.Build.0 = Release|Any CPU
		{B42ACEE0-3C95-4832-91B3-3026A877171D}.Release|x86.ActiveCfg = Release|Any CPU
		{B42ACEE0-3C95-4832-91B3-3026A877171D}.Release|x86.Build.0 = Release|Any CPU
		{A0B58CAB-DFF7-4D05-949A-33895EE2D09F}.Debug|Any CPU.ActiveCfg = Debug|Any CPU
		{A0B58CAB-DFF7-4D05-949A-33895EE2D09F}.Debug|Any CPU.Build.0 = Debug|Any CPU
		{A0B58CAB-DFF7-4D05-949A-33895EE2D09F}.Debug|x64.ActiveCfg = Debug|Any CPU
		{A0B58CAB-DFF7-4D05-949A-33895EE2D09F}.Debug|x64.Build.0 = Debug|Any CPU
		{A0B58CAB-DFF7-4D05-949A-33895EE2D09F}.Debug|x86.ActiveCfg = Debug|Any CPU
		{A0B58CAB-DFF7-4D05-949A-33895EE2D09F}.Debug|x86.Build.0 = Debug|Any CPU
		{A0B58CAB-DFF7-4D05-949A-33895EE2D09F}.Release|Any CPU.ActiveCfg = Release|Any CPU
		{A0B58CAB-DFF7-4D05-949A-33895EE2D09F}.Release|Any CPU.Build.0 = Release|Any CPU
		{A0B58CAB-DFF7-4D05-949A-33895EE2D09F}.Release|x64.ActiveCfg = Release|Any CPU
		{A0B58CAB-DFF7-4D05-949A-33895EE2D09F}.Release|x64.Build.0 = Release|Any CPU
		{A0B58CAB-DFF7-4D05-949A-33895EE2D09F}.Release|x86.ActiveCfg = Release|Any CPU
		{A0B58CAB-DFF7-4D05-949A-33895EE2D09F}.Release|x86.Build.0 = Release|Any CPU
		{9E3D8356-199F-42A4-90C2-FBE94C26C5F3}.Debug|Any CPU.ActiveCfg = Debug|Any CPU
		{9E3D8356-199F-42A4-90C2-FBE94C26C5F3}.Debug|Any CPU.Build.0 = Debug|Any CPU
		{9E3D8356-199F-42A4-90C2-FBE94C26C5F3}.Debug|x64.ActiveCfg = Debug|Any CPU
		{9E3D8356-199F-42A4-90C2-FBE94C26C5F3}.Debug|x64.Build.0 = Debug|Any CPU
		{9E3D8356-199F-42A4-90C2-FBE94C26C5F3}.Debug|x86.ActiveCfg = Debug|Any CPU
		{9E3D8356-199F-42A4-90C2-FBE94C26C5F3}.Debug|x86.Build.0 = Debug|Any CPU
		{9E3D8356-199F-42A4-90C2-FBE94C26C5F3}.Release|Any CPU.ActiveCfg = Release|Any CPU
		{9E3D8356-199F-42A4-90C2-FBE94C26C5F3}.Release|Any CPU.Build.0 = Release|Any CPU
		{9E3D8356-199F-42A4-90C2-FBE94C26C5F3}.Release|x64.ActiveCfg = Release|Any CPU
		{9E3D8356-199F-42A4-90C2-FBE94C26C5F3}.Release|x64.Build.0 = Release|Any CPU
		{9E3D8356-199F-42A4-90C2-FBE94C26C5F3}.Release|x86.ActiveCfg = Release|Any CPU
		{9E3D8356-199F-42A4-90C2-FBE94C26C5F3}.Release|x86.Build.0 = Release|Any CPU
		{2DDFFF6F-06AB-494F-A19B-305A5950CE59}.Debug|Any CPU.ActiveCfg = Debug|Any CPU
		{2DDFFF6F-06AB-494F-A19B-305A5950CE59}.Debug|Any CPU.Build.0 = Debug|Any CPU
		{2DDFFF6F-06AB-494F-A19B-305A5950CE59}.Debug|x64.ActiveCfg = Debug|Any CPU
		{2DDFFF6F-06AB-494F-A19B-305A5950CE59}.Debug|x64.Build.0 = Debug|Any CPU
		{2DDFFF6F-06AB-494F-A19B-305A5950CE59}.Debug|x86.ActiveCfg = Debug|Any CPU
		{2DDFFF6F-06AB-494F-A19B-305A5950CE59}.Debug|x86.Build.0 = Debug|Any CPU
		{2DDFFF6F-06AB-494F-A19B-305A5950CE59}.Release|Any CPU.ActiveCfg = Release|Any CPU
		{2DDFFF6F-06AB-494F-A19B-305A5950CE59}.Release|Any CPU.Build.0 = Release|Any CPU
		{2DDFFF6F-06AB-494F-A19B-305A5950CE59}.Release|x64.ActiveCfg = Release|Any CPU
		{2DDFFF6F-06AB-494F-A19B-305A5950CE59}.Release|x64.Build.0 = Release|Any CPU
		{2DDFFF6F-06AB-494F-A19B-305A5950CE59}.Release|x86.ActiveCfg = Release|Any CPU
		{2DDFFF6F-06AB-494F-A19B-305A5950CE59}.Release|x86.Build.0 = Release|Any CPU
		{CB2D2CC4-33A7-4E2B-A418-9A5E733790B4}.Debug|Any CPU.ActiveCfg = Debug|Any CPU
		{CB2D2CC4-33A7-4E2B-A418-9A5E733790B4}.Debug|Any CPU.Build.0 = Debug|Any CPU
		{CB2D2CC4-33A7-4E2B-A418-9A5E733790B4}.Debug|x64.ActiveCfg = Debug|Any CPU
		{CB2D2CC4-33A7-4E2B-A418-9A5E733790B4}.Debug|x64.Build.0 = Debug|Any CPU
		{CB2D2CC4-33A7-4E2B-A418-9A5E733790B4}.Debug|x86.ActiveCfg = Debug|Any CPU
		{CB2D2CC4-33A7-4E2B-A418-9A5E733790B4}.Debug|x86.Build.0 = Debug|Any CPU
		{CB2D2CC4-33A7-4E2B-A418-9A5E733790B4}.Release|Any CPU.ActiveCfg = Release|Any CPU
		{CB2D2CC4-33A7-4E2B-A418-9A5E733790B4}.Release|Any CPU.Build.0 = Release|Any CPU
		{CB2D2CC4-33A7-4E2B-A418-9A5E733790B4}.Release|x64.ActiveCfg = Release|Any CPU
		{CB2D2CC4-33A7-4E2B-A418-9A5E733790B4}.Release|x64.Build.0 = Release|Any CPU
		{CB2D2CC4-33A7-4E2B-A418-9A5E733790B4}.Release|x86.ActiveCfg = Release|Any CPU
		{CB2D2CC4-33A7-4E2B-A418-9A5E733790B4}.Release|x86.Build.0 = Release|Any CPU
	EndGlobalSection
	GlobalSection(NestedProjects) = preSolution
		{72D1E9E7-EC65-4BF4-947B-3AA8D4FE6FE6} = {8B5081DF-A569-42A4-B3A0-2B98599DD75D}
		{C95EE24B-858F-487A-A64C-159F1EDCF17E} = {8B5081DF-A569-42A4-B3A0-2B98599DD75D}
		{CC67BA99-EB25-45FE-9923-856BD1CA10DF} = {8B5081DF-A569-42A4-B3A0-2B98599DD75D}
		{B0EF4613-E36F-43BD-902A-16A9C061803A} = {8B5081DF-A569-42A4-B3A0-2B98599DD75D}
		{B42ACEE0-3C95-4832-91B3-3026A877171D} = {FE9D0417-519F-42CA-A553-3907C74D92AB}
		{A0B58CAB-DFF7-4D05-949A-33895EE2D09F} = {FE9D0417-519F-42CA-A553-3907C74D92AB}
		{9E3D8356-199F-42A4-90C2-FBE94C26C5F3} = {FE9D0417-519F-42CA-A553-3907C74D92AB}
		{2DDFFF6F-06AB-494F-A19B-305A5950CE59} = {FE9D0417-519F-42CA-A553-3907C74D92AB}
		{CB2D2CC4-33A7-4E2B-A418-9A5E733790B4} = {FE9D0417-519F-42CA-A553-3907C74D92AB}
	EndGlobalSection
EndGlobal
